
Microsoft Visual Studio Solution File, Format Version 12.00
# Visual Studio Version 16
VisualStudioVersion = 16.0.30204.135
MinimumVisualStudioVersion = 10.0.40219.1
Project("{FAE04EC0-301F-11D3-BF4B-00C04F79EFBC}") = "FileRepositirySimple", "FileRepositirySimple\FileRepositirySimple.csproj", "{AA92F7EE-1F4D-4E5B-B2A9-6933BC025136}"
EndProject
Global
	GlobalSection(SolutionConfigurationPlatforms) = preSolution
		Debug|Any CPU = Debug|Any CPU
		Release|Any CPU = Release|Any CPU
	EndGlobalSection
	GlobalSection(ProjectConfigurationPlatforms) = postSolution
		{AA92F7EE-1F4D-4E5B-B2A9-6933BC025136}.Debug|Any CPU.ActiveCfg = Debug|Any CPU
		{AA92F7EE-1F4D-4E5B-B2A9-6933BC025136}.Debug|Any CPU.Build.0 = Debug|Any CPU
		{AA92F7EE-1F4D-4E5B-B2A9-6933BC025136}.Release|Any CPU.ActiveCfg = Release|Any CPU
		{AA92F7EE-1F4D-4E5B-B2A9-6933BC025136}.Release|Any CPU.Build.0 = Release|Any CPU
	EndGlobalSection
	GlobalSection(SolutionProperties) = preSolution
		HideSolutionNode = FALSE
	EndGlobalSection
	GlobalSection(ExtensibilityGlobals) = postSolution
		SolutionGuid = {81D82338-10DA-4970-BDB8-1E64D5720A3C}
	EndGlobalSection
EndGlobal
